
Microsoft Visual Studio Solution File, Format Version 12.00
# Visual Studio Version 16
VisualStudioVersion = 16.0.31624.102
MinimumVisualStudioVersion = 10.0.40219.1
Project("{FAE04EC0-301F-11D3-BF4B-00C04F79EFBC}") = "TeknOrder", "TeknOrder\TeknOrder.csproj", "{33E144F6-62C4-4992-AD19-4A847A6651A3}"
EndProject
Global
	GlobalSection(SolutionConfigurationPlatforms) = preSolution
		Debug|Any CPU = Debug|Any CPU
		Release|Any CPU = Release|Any CPU
	EndGlobalSection
	GlobalSection(ProjectConfigurationPlatforms) = postSolution
		{33E144F6-62C4-4992-AD19-4A847A6651A3}.Debug|Any CPU.ActiveCfg = Debug|Any CPU
		{33E144F6-62C4-4992-AD19-4A847A6651A3}.Debug|Any CPU.Build.0 = Debug|Any CPU
		{33E144F6-62C4-4992-AD19-4A847A6651A3}.Release|Any CPU.ActiveCfg = Release|Any CPU
		{33E144F6-62C4-4992-AD19-4A847A6651A3}.Release|Any CPU.Build.0 = Release|Any CPU
	EndGlobalSection
	GlobalSection(SolutionProperties) = preSolution
		HideSolutionNode = FALSE
	EndGlobalSection
	GlobalSection(ExtensibilityGlobals) = postSolution
		SolutionGuid = {ADB010F2-7EAB-4530-9CA4-02E30D343D3C}
	EndGlobalSection
EndGlobal
